
Microsoft Visual Studio Solution File, Format Version 12.00
# Visual Studio Version 16
VisualStudioVersion = 16.0.31729.503
MinimumVisualStudioVersion = 10.0.40219.1
Project("{9A19103F-16F7-4668-BE54-9A1E7A4F7556}") = "DVers", "DVers\DVers.csproj", "{19B15BC3-08B5-4CD0-A6DA-0E3191389022}"
EndProject
Project("{9A19103F-16F7-4668-BE54-9A1E7A4F7556}") = "DVers.Data", "DVers.Data\DVers.Data.csproj", "{D523DF51-AE21-4E5B-A8BF-26A13EA6C167}"
EndProject
Project("{9A19103F-16F7-4668-BE54-9A1E7A4F7556}") = "DVers.DTOs", "DVers.DTOs\DVers.DTOs.csproj", "{1C05C422-CDFB-4216-9D3E-0E33707C173E}"
EndProject
Project("{FAE04EC0-301F-11D3-BF4B-00C04F79EFBC}") = "DVers.Services", "DVers.Services\DVers.Services.csproj", "{94E0B309-C2CC-4A97-B7EB-12D738EFCE5E}"
EndProject
Global
	GlobalSection(SolutionConfigurationPlatforms) = preSolution
		Debug|Any CPU = Debug|Any CPU
		Release|Any CPU = Release|Any CPU
	EndGlobalSection
	GlobalSection(ProjectConfigurationPlatforms) = postSolution
		{19B15BC3-08B5-4CD0-A6DA-0E3191389022}.Debug|Any CPU.ActiveCfg = Debug|Any CPU
		{19B15BC3-08B5-4CD0-A6DA-0E3191389022}.Debug|Any CPU.Build.0 = Debug|Any CPU
		{19B15BC3-08B5-4CD0-A6DA-0E3191389022}.Release|Any CPU.ActiveCfg = Release|Any CPU
		{19B15BC3-08B5-4CD0-A6DA-0E3191389022}.Release|Any CPU.Build.0 = Release|Any CPU
		{D523DF51-AE21-4E5B-A8BF-26A13EA6C167}.Debug|Any CPU.ActiveCfg = Debug|Any CPU
		{D523DF51-AE21-4E5B-A8BF-26A13EA6C167}.Debug|Any CPU.Build.0 = Debug|Any CPU
		{D523DF51-AE21-4E5B-A8BF-26A13EA6C167}.Release|Any CPU.ActiveCfg = Release|Any CPU
		{D523DF51-AE21-4E5B-A8BF-26A13EA6C167}.Release|Any CPU.Build.0 = Release|Any CPU
		{1C05C422-CDFB-4216-9D3E-0E33707C173E}.Debug|Any CPU.ActiveCfg = Debug|Any CPU
		{1C05C422-CDFB-4216-9D3E-0E33707C173E}.Debug|Any CPU.Build.0 = Debug|Any CPU
		{1C05C422-CDFB-4216-9D3E-0E33707C173E}.Release|Any CPU.ActiveCfg = Release|Any CPU
		{1C05C422-CDFB-4216-9D3E-0E33707C173E}.Release|Any CPU.Build.0 = Release|Any CPU
		{94E0B309-C2CC-4A97-B7EB-12D738EFCE5E}.Debug|Any CPU.ActiveCfg = Debug|Any CPU
		{94E0B309-C2CC-4A97-B7EB-12D738EFCE5E}.Debug|Any CPU.Build.0 = Debug|Any CPU
		{94E0B309-C2CC-4A97-B7EB-12D738EFCE5E}.Release|Any CPU.ActiveCfg = Release|Any CPU
		{94E0B309-C2CC-4A97-B7EB-12D738EFCE5E}.Release|Any CPU.Build.0 = Release|Any CPU
	EndGlobalSection
	GlobalSection(SolutionProperties) = preSolution
		HideSolutionNode = FALSE
	EndGlobalSection
	GlobalSection(ExtensibilityGlobals) = postSolution
		SolutionGuid = {5AABE7E0-24BE-4482-92C0-6634160F1C40}
	EndGlobalSection
EndGlobal
